github.com/go-oauth2/oauth2 v3.9.0+incompatible h1:PkXDubjqxeWp9rHvOsFLtvrsFSxb2YKk/5g4ZMlwGdI=
github.com/go-oauth2/oauth2 v3.9.0+incompatible/go.mod h1:GGcZ+i513KxN4yS7zBYfmwo3P+cyGvCS675uCNmWv/g=
github.com/go-sql-driver/mysql v1.4.0 h1:7LxgVwFb2hIQtMm87NdgAVfXjnt4OePseqT1tKx+opk=
github.com/go-sql-driver/mysql v1.4.0/go.mod h1:zAC/RDZ24gD3HViQzih4MyKcchzm+sOG5ZlKdlhCg5w=
github.com/jinzhu/gorm v1.9.1 h1:lDSDtsCt5AGGSKTs8AHlSDbbgif4G4+CKJ8ETBDVHTA=
github.com/jinzhu/gorm v1.9.1/go.mod h1:Vla75njaFJ8clLU1W44h34PjIkijhjHIYnZxMqCdxqo=
github.com/jinzhu/inflection v0.0.0-20180308033659-04140366298a h1:eeaG9XMUvRBYXJi4pg1ZKM7nxc5AfXfojeLLW7O5J3k=
github.com/jinzhu/inflection v0.0.0-20180308033659-04140366298a/go.mod h1:h+uFLlag+Qp1Va5pdKtLDYj+kHp5pxUVkryuEj+Srlc=
golang.org/x/net v0.0.0-20181029044818-c44066c5c816 h1:mVFkLpejdFLXVUv9E42f3XJVfMdqd0IVLVIVLjZWn5o=
golang.org/x/net v0.0.0-20181029044818-c44066c5c816/go.mod h1:mL1N/T3taQHkDXs73rZJwtUhF3w3ftmwwsq0BUmARs4=
golang.org/x/oauth2 v0.0.0-20181017192945-9dcd33a902f4 h1:99CA0JJbUX4ozCnLon680Jc9e0T1i8HCaLVJMwtI8Hc=
golang.org/x/oauth2 v0.0.0-20181017192945-9dcd33a902f4/go.mod h1:N/0e6XlmueqKjAGxoOufVs8QHGRruUQn6yWY3a++T0U=
gopkg.in/oauth2.v3 v3.9.0 h1:Y7R/k5k16UYbK9/sVyRF8WfAFDsthSOmMyZXQQBO3VY=
gopkg.in/oauth2.v3 v3.9.0/go.mod h1:DKsV9TErXfsxc6A1GTWial0oDd6iY5+BFOq+lYxWTRY=
